// !$*UTF8*$!
{
	archiveVersion = 1;
	classes = {
	};
	objectVersion = 56;
	objects = {

/* Begin PBXBuildFile section */
		A360060D294A46F300CC47B8 /* AppDelegate.swift in Sources */ = {isa = PBXBuildFile; fileRef = A360060C294A46F300CC47B8 /* AppDelegate.swift */; };
		A360060F294A46F300CC47B8 /* SceneDelegate.swift in Sources */ = {isa = PBXBuildFile; fileRef = A360060E294A46F300CC47B8 /* SceneDelegate.swift */; };
		A3600611294A46F300CC47B8 /* ViewController.swift in Sources */ = {isa = PBXBuildFile; fileRef = A3600610294A46F300CC47B8 /* ViewController.swift */; };
		A3600614294A46F300CC47B8 /* Main.storyboard in Resources */ = {isa = PBXBuildFile; fileRef = A3600612294A46F300CC47B8 /* Main.storyboard */; };
		A3600616294A46F400CC47B8 /* Assets.xcassets in Resources */ = {isa = PBXBuildFile; fileRef = A3600615294A46F400CC47B8 /* Assets.xcassets */; };
		A3600619294A46F400CC47B8 /* LaunchScreen.storyboard in Resources */ = {isa = PBXBuildFile; fileRef = A3600617294A46F400CC47B8 /* LaunchScreen.storyboard */; };
		A3600621294A486E00CC47B8 /* GoogleService-Info.plist in Resources */ = {isa = PBXBuildFile; fileRef = A3600620294A486E00CC47B8 /* GoogleService-Info.plist */; };
		A3600624294A493800CC47B8 /* FirebaseAnalytics in Frameworks */ = {isa = PBXBuildFile; productRef = A3600623294A493800CC47B8 /* FirebaseAnalytics */; };
		A3600626294A493800CC47B8 /* FirebaseAuth in Frameworks */ = {isa = PBXBuildFile; productRef = A3600625294A493800CC47B8 /* FirebaseAuth */; };
		A3600628294A493800CC47B8 /* FirebaseDatabase in Frameworks */ = {isa = PBXBuildFile; productRef = A3600627294A493800CC47B8 /* FirebaseDatabase */; };
		A360062A294A493800CC47B8 /* FirebaseFirestore in Frameworks */ = {isa = PBXBuildFile; productRef = A3600629294A493800CC47B8 /* FirebaseFirestore */; };
		A360062C294A493800CC47B8 /* FirebaseFirestoreSwift in Frameworks */ = {isa = PBXBuildFile; productRef = A360062B294A493800CC47B8 /* FirebaseFirestoreSwift */; };
		A360062E294A493800CC47B8 /* FirebaseStorage in Frameworks */ = {isa = PBXBuildFile; productRef = A360062D294A493800CC47B8 /* FirebaseStorage */; };
/* End PBXBuildFile section */

/* Begin PBXFileReference section */
		A3600609294A46F300CC47B8 /* MAPD714-Final-Exam.app */ = {isa = PBXFileReference; explicitFileType = wrapper.application; includeInIndex = 0; path = "MAPD714-Final-Exam.app"; sourceTree = BUILT_PRODUCTS_DIR; };
		A360060C294A46F300CC47B8 /* AppDelegate.swift */ = {isa = PBXFileReference; lastKnownFileType = sourcecode.swift; path = AppDelegate.swift; sourceTree = "<group>"; };
		A360060E294A46F300CC47B8 /* SceneDelegate.swift */ = {isa = PBXFileReference; lastKnownFileType = sourcecode.swift; path = SceneDelegate.swift; sourceTree = "<group>"; };
		A3600610294A46F300CC47B8 /* ViewController.swift */ = {isa = PBXFileReference; lastKnownFileType = sourcecode.swift; path = ViewController.swift; sourceTree = "<group>"; };
		A3600613294A46F300CC47B8 /* Base */ = {isa = PBXFileReference; lastKnownFileType = file.storyboard; name = Base; path = Base.lproj/Main.storyboard; sourceTree = "<group>"; };
		A3600615294A46F400CC47B8 /* Assets.xcassets */ = {isa = PBXFileReference; lastKnownFileType = folder.assetcatalog; path = Assets.xcassets; sourceTree = "<group>"; };
		A3600618294A46F400CC47B8 /* Base */ = {isa = PBXFileReference; lastKnownFileType = file.storyboard; name = Base; path = Base.lproj/LaunchScreen.storyboard; sourceTree = "<group>"; };
		A360061A294A46F400CC47B8 /* Info.plist */ = {isa = PBXFileReference; lastKnownFileType = text.plist.xml; path = Info.plist; sourceTree = "<group>"; };
		A3600620294A486E00CC47B8 /* GoogleService-Info.plist */ = {isa = PBXFileReference; fileEncoding = 4; lastKnownFileType = text.plist.xml; path = "GoogleService-Info.plist"; sourceTree = "<group>"; };
/* End PBXFileReference section */

/* Begin PBXFrameworksBuildPhase section */
		A3600606294A46F300CC47B8 /* Frameworks */ = {
			isa = PBXFrameworksBuildPhase;
			buildActionMask = 2147483647;
			files = (
				A360062C294A493800CC47B8 /* FirebaseFirestoreSwift in Frameworks */,
				A3600628294A493800CC47B8 /* FirebaseDatabase in Frameworks */,
				A360062A294A493800CC47B8 /* FirebaseFirestore in Frameworks */,
				A3600624294A493800CC47B8 /* FirebaseAnalytics in Frameworks */,
				A3600626294A493800CC47B8 /* FirebaseAuth in Frameworks */,
				A360062E294A493800CC47B8 /* FirebaseStorage in Frameworks */,
			);
			runOnlyForDeploymentPostprocessing = 0;
		};
/* End PBXFrameworksBuildPhase section */

/* Begin PBXGroup section */
		A3600600294A46F300CC47B8 = {
			isa = PBXGroup;
			children = (
				A360060B294A46F300CC47B8 /* MAPD714-Final-Exam */,
				A360060A294A46F300CC47B8 /* Products */,
			);
			sourceTree = "<group>";
		};
		A360060A294A46F300CC47B8 /* Products */ = {
			isa = PBXGroup;
			children = (
				A3600609294A46F300CC47B8 /* MAPD714-Final-Exam.app */,
			);
			name = Products;
			sourceTree = "<group>";
		};
		A360060B294A46F300CC47B8 /* MAPD714-Final-Exam */ = {
			isa = PBXGroup;
			children = (
				A360060C294A46F300CC47B8 /* AppDelegate.swift */,
				A360060E294A46F300CC47B8 /* SceneDelegate.swift */,
				A3600610294A46F300CC47B8 /* ViewController.swift */,
				A3600612294A46F300CC47B8 /* Main.storyboard */,
				A3600615294A46F400CC47B8 /* Assets.xcassets */,
				A3600617294A46F400CC47B8 /* LaunchScreen.storyboard */,
				A3600620294A486E00CC47B8 /* GoogleService-Info.plist */,
				A360061A294A46F400CC47B8 /* Info.plist */,
			);
			path = "MAPD714-Final-Exam";
			sourceTree = "<group>";
		};
/* End PBXGroup section */

/* Begin PBXNativeTarget section */
		A3600608294A46F300CC47B8 /* MAPD714-Final-Exam */ = {
			isa = PBXNativeTarget;
			buildConfigurationList = A360061D294A46F400CC47B8 /* Build configuration list for PBXNativeTarget "MAPD714-Final-Exam" */;
			buildPhases = (
				A3600605294A46F300CC47B8 /* Sources */,
				A3600606294A46F300CC47B8 /* Frameworks */,
				A3600607294A46F300CC47B8 /* Resources */,
			);
			buildRules = (
			);
			dependencies = (
			);
			name = "MAPD714-Final-Exam";
			packageProductDependencies = (
				A3600623294A493800CC47B8 /* FirebaseAnalytics */,
				A3600625294A493800CC47B8 /* FirebaseAuth */,
				A3600627294A493800CC47B8 /* FirebaseDatabase */,
				A3600629294A493800CC47B8 /* FirebaseFirestore */,
				A360062B294A493800CC47B8 /* FirebaseFirestoreSwift */,
				A360062D294A493800CC47B8 /* FirebaseStorage */,
			);
			productName = "MAPD714-Final-Exam";
			productReference = A3600609294A46F300CC47B8 /* MAPD714-Final-Exam.app */;
			productType = "com.apple.product-type.application";
		};
/* End PBXNativeTarget section */

/* Begin PBXProject section */
		A3600601294A46F300CC47B8 /* Project object */ = {
			isa = PBXProject;
			attributes = {
				BuildIndependentTargetsInParallel = 1;
				LastSwiftUpdateCheck = 1400;
				LastUpgradeCheck = 1400;
				TargetAttributes = {
					A3600608294A46F300CC47B8 = {
						CreatedOnToolsVersion = 14.0;
					};
				};
			};
			buildConfigurationList = A3600604294A46F300CC47B8 /* Build configuration list for PBXProject "MAPD714-Final-Exam" */;
			compatibilityVersion = "Xcode 14.0";
			developmentRegion = en;
			hasScannedForEncodings = 0;
			knownRegions = (
				en,
				Base,
			);
			mainGroup = A3600600294A46F300CC47B8;
			packageReferences = (
				A3600622294A493800CC47B8 /* XCRemoteSwiftPackageReference "firebase-ios-sdk" */,
			);
			productRefGroup = A360060A294A46F300CC47B8 /* Products */;
			projectDirPath = "";
			projectRoot = "";
			targets = (
				A3600608294A46F300CC47B8 /* MAPD714-Final-Exam */,
			);
		};
/* End PBXProject section */

/* Begin PBXResourcesBuildPhase section */
		A3600607294A46F300CC47B8 /* Resources */ = {
			isa = PBXResourcesBuildPhase;
			buildActionMask = 2147483647;
			files = (
				A3600619294A46F400CC47B8 /* LaunchScreen.storyboard in Resources */,
				A3600621294A486E00CC47B8 /* GoogleService-Info.plist in Resources */,
				A3600616294A46F400CC47B8 /* Assets.xcassets in Resources */,
				A3600614294A46F300CC47B8 /* Main.storyboard in Resources */,
			);
			runOnlyForDeploymentPostprocessing = 0;
		};
/* End PBXResourcesBuildPhase section */

/* Begin PBXSourcesBuildPhase section */
		A3600605294A46F300CC47B8 /* Sources */ = {
			isa = PBXSourcesBuildPhase;
			buildActionMask = 2147483647;
			files = (
				A3600611294A46F300CC47B8 /* ViewController.swift in Sources */,
				A360060D294A46F300CC47B8 /* AppDelegate.swift in Sources */,
				A360060F294A46F300CC47B8 /* SceneDelegate.swift in Sources */,
			);
			runOnlyForDeploymentPostprocessing = 0;
		};
/* End PBXSourcesBuildPhase section */

/* Begin PBXVariantGroup section */
		A3600612294A46F300CC47B8 /* Main.storyboard */ = {
			isa = PBXVariantGroup;
			children = (
				A3600613294A46F300CC47B8 /* Base */,
			);
			name = Main.storyboard;
			sourceTree = "<group>";
		};
		A3600617294A46F400CC47B8 /* LaunchScreen.storyboard */ = {
			isa = PBXVariantGroup;
			children = (
				A3600618294A46F400CC47B8 /* Base */,
			);
			name = LaunchScreen.storyboard;
			sourceTree = "<group>";
		};
/* End PBXVariantGroup section */

/* Begin XCBuildConfiguration section */
		A360061B294A46F400CC47B8 /* Debug */ = {
			isa = XCBuildConfiguration;
			buildSettings = {
				ALWAYS_SEARCH_USER_PATHS = NO;
				CLANG_ANALYZER_NONNULL = YES;
				CLANG_ANALYZER_NUMBER_OBJECT_CONVERSION = YES_AGGRESSIVE;
				CLANG_CXX_LANGUAGE_STANDARD = "gnu++20";
				CLANG_ENABLE_MODULES = YES;
				CLANG_ENABLE_OBJC_ARC = YES;
				CLANG_ENABLE_OBJC_WEAK = YES;
				CLANG_WARN_BLOCK_CAPTURE_AUTORELEASING = YES;
				CLANG_WARN_BOOL_CONVERSION = YES;
				CLANG_WARN_COMMA = YES;
				CLANG_WARN_CONSTANT_CONVERSION = YES;
				CLANG_WARN_DEPRECATED_OBJC_IMPLEMENTATIONS = YES;
				CLANG_WARN_DIRECT_OBJC_ISA_USAGE = YES_ERROR;
				CLANG_WARN_DOCUMENTATION_COMMENTS = YES;
				CLANG_WARN_EMPTY_BODY = YES;
				CLANG_WARN_ENUM_CONVERSION = YES;
				CLANG_WARN_INFINITE_RECURSION = YES;
				CLANG_WARN_INT_CONVERSION = YES;
				CLANG_WARN_NON_LITERAL_NULL_CONVERSION = YES;
				CLANG_WARN_OBJC_IMPLICIT_RETAIN_SELF = YES;
				CLANG_WARN_OBJC_LITERAL_CONVERSION = YES;
				CLANG_WARN_OBJC_ROOT_CLASS = YES_ERROR;
				CLANG_WARN_QUOTED_INCLUDE_IN_FRAMEWORK_HEADER = YES;
				CLANG_WARN_RANGE_LOOP_ANALYSIS = YES;
				CLANG_WARN_STRICT_PROTOTYPES = YES;
				CLANG_WARN_SUSPICIOUS_MOVE = YES;
				CLANG_WARN_UNGUARDED_AVAILABILITY = YES_AGGRESSIVE;
				CLANG_WARN_UNREACHABLE_CODE = YES;
				CLANG_WARN__DUPLICATE_METHOD_MATCH = YES;
				COPY_PHASE_STRIP = NO;
				DEBUG_INFORMATION_FORMAT = dwarf;
				ENABLE_STRICT_OBJC_MSGSEND = YES;
				ENABLE_TESTABILITY = YES;
				GCC_C_LANGUAGE_STANDARD = gnu11;
				GCC_DYNAMIC_NO_PIC = NO;
				GCC_NO_COMMON_BLOCKS = YES;
				GCC_OPTIMIZATION_LEVEL = 0;
				GCC_PREPROCESSOR_DEFINITIONS = (
					"DEBUG=1",
					"$(inherited)",
				);
				GCC_WARN_64_TO_32_BIT_CONVERSION = YES;
				GCC_WARN_ABOUT_RETURN_TYPE = YES_ERROR;
				GCC_WARN_UNDECLARED_SELECTOR = YES;
				GCC_WARN_UNINITIALIZED_AUTOS = YES_AGGRESSIVE;
				GCC_WARN_UNUSED_FUNCTION = YES;
				GCC_WARN_UNUSED_VARIABLE = YES;
				IPHONEOS_DEPLOYMENT_TARGET = 16.0;
				MTL_ENABLE_DEBUG_INFO = INCLUDE_SOURCE;
				MTL_FAST_MATH = YES;
				ONLY_ACTIVE_ARCH = YES;
				SDKROOT = iphoneos;
				SWIFT_ACTIVE_COMPILATION_CONDITIONS = DEBUG;
				SWIFT_OPTIMIZATION_LEVEL = "-Onone";
			};
			name = Debug;
		};
		A360061C294A46F400CC47B8 /* Release */ = {
			isa = XCBuildConfiguration;
			buildSettings = {
				ALWAYS_SEARCH_USER_PATHS = NO;
				CLANG_ANALYZER_NONNULL = YES;
				CLANG_ANALYZER_NUMBER_OBJECT_CONVERSION = YES_AGGRESSIVE;
				CLANG_CXX_LANGUAGE_STANDARD = "gnu++20";
				CLANG_ENABLE_MODULES = YES;
				CLANG_ENABLE_OBJC_ARC = YES;
				CLANG_ENABLE_OBJC_WEAK = YES;
				CLANG_WARN_BLOCK_CAPTURE_AUTORELEASING = YES;
				CLANG_WARN_BOOL_CONVERSION = YES;
				CLANG_WARN_COMMA = YES;
				CLANG_WARN_CONSTANT_CONVERSION = YES;
				CLANG_WARN_DEPRECATED_OBJC_IMPLEMENTATIONS = YES;
				CLANG_WARN_DIRECT_OBJC_ISA_USAGE = YES_ERROR;
				CLANG_WARN_DOCUMENTATION_COMMENTS = YES;
				CLANG_WARN_EMPTY_BODY = YES;
				CLANG_WARN_ENUM_CONVERSION = YES;
				CLANG_WARN_INFINITE_RECURSION = YES;
				CLANG_WARN_INT_CONVERSION = YES;
				CLANG_WARN_NON_LITERAL_NULL_CONVERSION = YES;
				CLANG_WARN_OBJC_IMPLICIT_RETAIN_SELF = YES;
				CLANG_WARN_OBJC_LITERAL_CONVERSION = YES;
				CLANG_WARN_OBJC_ROOT_CLASS = YES_ERROR;
				CLANG_WARN_QUOTED_INCLUDE_IN_FRAMEWORK_HEADER = YES;
				CLANG_WARN_RANGE_LOOP_ANALYSIS = YES;
				CLANG_WARN_STRICT_PROTOTYPES = YES;
				CLANG_WARN_SUSPICIOUS_MOVE = YES;
				CLANG_WARN_UNGUARDED_AVAILABILITY = YES_AGGRESSIVE;
				CLANG_WARN_UNREACHABLE_CODE = YES;
				CLANG_WARN__DUPLICATE_METHOD_MATCH = YES;
				COPY_PHASE_STRIP = NO;
				DEBUG_INFORMATION_FORMAT = "dwarf-with-dsym";
				ENABLE_NS_ASSERTIONS = NO;
				ENABLE_STRICT_OBJC_MSGSEND = YES;
				GCC_C_LANGUAGE_STANDARD = gnu11;
				GCC_NO_COMMON_BLOCKS = YES;
				GCC_WARN_64_TO_32_BIT_CONVERSION = YES;
				GCC_WARN_ABOUT_RETURN_TYPE = YES_ERROR;
				GCC_WARN_UNDECLARED_SELECTOR = YES;
				GCC_WARN_UNINITIALIZED_AUTOS = YES_AGGRESSIVE;
				GCC_WARN_UNUSED_FUNCTION = YES;
				GCC_WARN_UNUSED_VARIABLE = YES;
				IPHONEOS_DEPLOYMENT_TARGET = 16.0;
				MTL_ENABLE_DEBUG_INFO = NO;
				MTL_FAST_MATH = YES;
				SDKROOT = iphoneos;
				SWIFT_COMPILATION_MODE = wholemodule;
				SWIFT_OPTIMIZATION_LEVEL = "-O";
				VALIDATE_PRODUCT = YES;
			};
			name = Release;
		};
		A360061E294A46F400CC47B8 /* Debug */ = {
			isa = XCBuildConfiguration;
			buildSettings = {
				ASSETCATALOG_COMPILER_APPICON_NAME = AppIcon;
				ASSETCATALOG_COMPILER_GLOBAL_ACCENT_COLOR_NAME = AccentColor;
				CODE_SIGN_STYLE = Automatic;
				CURRENT_PROJECT_VERSION = 1;
				DEVELOPMENT_TEAM = 2UNV73WD6X;
				GENERATE_INFOPLIST_FILE = YES;
				INFOPLIST_FILE = "MAPD714-Final-Exam/Info.plist";
				INFOPLIST_KEY_UIApplicationSupportsIndirectInputEvents = YES;
				INFOPLIST_KEY_UILaunchStoryboardName = LaunchScreen;
				INFOPLIST_KEY_UIMainStoryboardFile = Main;
				INFOPLIST_KEY_UISupportedInterfaceOrientations_iPad = "UIInterfaceOrientationPortrait UIInterfaceOrientationPortraitUpsideDown UIInterfaceOrientationLandscapeLeft UIInterfaceOrientationLandscapeRight";
				INFOPLIST_KEY_UISupportedInterfaceOrientations_iPhone = "UIInterfaceOrientationPortrait UIInterfaceOrientationLandscapeLeft UIInterfaceOrientationLandscapeRight";
				LD_RUNPATH_SEARCH_PATHS = (
					"$(inherited)",
					"@executable_path/Frameworks",
				);
				MARKETING_VERSION = 1.0;
				PRODUCT_BUNDLE_IDENTIFIER = "ca.centennialcollege.MAPD714-Final-Exam";
				PRODUCT_NAME = "$(TARGET_NAME)";
				SWIFT_EMIT_LOC_STRINGS = YES;
				SWIFT_VERSION = 5.0;
				TARGETED_DEVICE_FAMILY = "1,2";
			};
			name = Debug;
		};
		A360061F294A46F400CC47B8 /* Release */ = {
			isa = XCBuildConfiguration;
			buildSettings = {
				ASSETCATALOG_COMPILER_APPICON_NAME = AppIcon;
				ASSETCATALOG_COMPILER_GLOBAL_ACCENT_COLOR_NAME = AccentColor;
				CODE_SIGN_STYLE = Automatic;
				CURRENT_PROJECT_VERSION = 1;
				DEVELOPMENT_TEAM = 2UNV73WD6X;
				GENERATE_INFOPLIST_FILE = YES;
				INFOPLIST_FILE = "MAPD714-Final-Exam/Info.plist";
				INFOPLIST_KEY_UIApplicationSupportsIndirectInputEvents = YES;
				INFOPLIST_KEY_UILaunchStoryboardName = LaunchScreen;
				INFOPLIST_KEY_UIMainStoryboardFile = Main;
				INFOPLIST_KEY_UISupportedInterfaceOrientations_iPad = "UIInterfaceOrientationPortrait UIInterfaceOrientationPortraitUpsideDown UIInterfaceOrientationLandscapeLeft UIInterfaceOrientationLandscapeRight";
				INFOPLIST_KEY_UISupportedInterfaceOrientations_iPhone = "UIInterfaceOrientationPortrait UIInterfaceOrientationLandscapeLeft UIInterfaceOrientationLandscapeRight";
				LD_RUNPATH_SEARCH_PATHS = (
					"$(inherited)",
					"@executable_path/Frameworks",
				);
				MARKETING_VERSION = 1.0;
				PRODUCT_BUNDLE_IDENTIFIER = "ca.centennialcollege.MAPD714-Final-Exam";
				PRODUCT_NAME = "$(TARGET_NAME)";
				SWIFT_EMIT_LOC_STRINGS = YES;
				SWIFT_VERSION = 5.0;
				TARGETED_DEVICE_FAMILY = "1,2";
			};
			name = Release;
		};
/* End XCBuildConfiguration section */

/* Begin XCConfigurationList section */
		A3600604294A46F300CC47B8 /* Build configuration list for PBXProject "MAPD714-Final-Exam" */ = {
			isa = XCConfigurationList;
			buildConfigurations = (
				A360061B294A46F400CC47B8 /* Debug */,
				A360061C294A46F400CC47B8 /* Release */,
			);
			defaultConfigurationIsVisible = 0;
			defaultConfigurationName = Release;
		};
		A360061D294A46F400CC47B8 /* Build configuration list for PBXNativeTarget "MAPD714-Final-Exam" */ = {
			isa = XCConfigurationList;
			buildConfigurations = (
				A360061E294A46F400CC47B8 /* Debug */,
				A360061F294A46F400CC47B8 /* Release */,
			);
			defaultConfigurationIsVisible = 0;
			defaultConfigurationName = Release;
		};
/* End XCConfigurationList section */

/* Begin XCRemoteSwiftPackageReference section */
		A3600622294A493800CC47B8 /* XCRemoteSwiftPackageReference "firebase-ios-sdk" */ = {
			isa = XCRemoteSwiftPackageReference;
			repositoryURL = "https://github.com/firebase/firebase-ios-sdk";
			requirement = {
				branch = master;
				kind = branch;
			};
		};
/* End XCRemoteSwiftPackageReference section */

/* Begin XCSwiftPackageProductDependency section */
		A3600623294A493800CC47B8 /* FirebaseAnalytics */ = {
			isa = XCSwiftPackageProductDependency;
			package = A3600622294A493800CC47B8 /* XCRemoteSwiftPackageReference "firebase-ios-sdk" */;
			productName = FirebaseAnalytics;
		};
		A3600625294A493800CC47B8 /* FirebaseAuth */ = {
			isa = XCSwiftPackageProductDependency;
			package = A3600622294A493800CC47B8 /* XCRemoteSwiftPackageReference "firebase-ios-sdk" */;
			productName = FirebaseAuth;
		};
		A3600627294A493800CC47B8 /* FirebaseDatabase */ = {
			isa = XCSwiftPackageProductDependency;
			package = A3600622294A493800CC47B8 /* XCRemoteSwiftPackageReference "firebase-ios-sdk" */;
			productName = FirebaseDatabase;
		};
		A3600629294A493800CC47B8 /* FirebaseFirestore */ = {
			isa = XCSwiftPackageProductDependency;
			package = A3600622294A493800CC47B8 /* XCRemoteSwiftPackageReference "firebase-ios-sdk" */;
			productName = FirebaseFirestore;
		};
		A360062B294A493800CC47B8 /* FirebaseFirestoreSwift */ = {
			isa = XCSwiftPackageProductDependency;
			package = A3600622294A493800CC47B8 /* XCRemoteSwiftPackageReference "firebase-ios-sdk" */;
			productName = FirebaseFirestoreSwift;
		};
		A360062D294A493800CC47B8 /* FirebaseStorage */ = {
			isa = XCSwiftPackageProductDependency;
			package = A3600622294A493800CC47B8 /* XCRemoteSwiftPackageReference "firebase-ios-sdk" */;
			productName = FirebaseStorage;
		};
/* End XCSwiftPackageProductDependency section */
	};
	rootObject = A3600601294A46F300CC47B8 /* Project object */;
}
